# This file is automatically @generated by Wally.
# It is not intended for manual editing.
registry = "test"

[[package]]
name = "canary-development/uishelf"
version = "1.1.5"
dependencies = [["Signal", "red-blox/signal@1.0.0"]]

[[package]]
name = "red-blox/promise"
version = "1.1.1"
dependencies = [["Spawn", "red-blox/spawn@1.0.0"]]

[[package]]
name = "red-blox/signal"
version = "1.0.0"
dependencies = [["Promise", "red-blox/promise@1.1.1"], ["Spawn", "red-blox/spawn@1.0.0"]]

[[package]]
name = "red-blox/spawn"
version = "1.0.0"
dependencies = []

[[package]]
name = "roblox/testez"
version = "0.4.1"
dependencies = []

[[package]]
name = "ryanlua/satchel"
version = "1.3.0"
dependencies = [["UIShelf", "canary-development/uishelf@1.1.5"], ["testez", "roblox/testez@0.4.1"]]
