# This file is automatically @generated by Wally.
# It is not intended for manual editing.
registry = "test"

[[package]]
name = "legitatx/topbarplus"
version = "3.0.5"
dependencies = []

[[package]]
name = "ryanlua/satchel"
version = "1.3.1"
dependencies = [["topbarplus", "legitatx/topbarplus@3.0.5"]]
