# This file is automatically @generated by Wally.
# It is not intended for manual editing.
registry = "test"

[[package]]
name = "1foreverhd/topbarplus"
version = "3.0.2"
dependencies = []

[[package]]
name = "roblox/testez"
version = "0.4.1"
dependencies = []

[[package]]
name = "ryanlua/satchel"
version = "1.2.0"
dependencies = [["testez", "roblox/testez@0.4.1"], ["topbarplus", "1foreverhd/topbarplus@3.0.2"]]
